# This file was autogenerated by Stack.
# You should not edit this file by hand.
# For more information, please see the documentation at:
#   https://docs.haskellstack.org/en/stable/lock_files

packages:
- completed:
    hackage: derive-2.6.5@sha256:41480f98be28ca5a942f137f1ce17c2fc5e67040c434e8d3f4c45459b8bc6cbb,3184
    pantry-tree:
      sha256: dec8353ce6d976047843ef77f9debce77fd2b427338688756609e6422156bd66
      size: 3967
  original:
    hackage: derive-2.6.5@sha256:41480f98be28ca5a942f137f1ce17c2fc5e67040c434e8d3f4c45459b8bc6cbb,3184
snapshots:
- completed:
    sha256: 3cbd6c83316dd5e2bbc756dc7a2a4e31a31859c3f8b5c720efb6850b08e42649
    size: 504771
    url: https://raw.githubusercontent.com/commercialhaskell/stackage-snapshots/master/lts/12/14.yaml
  original: lts-12.14
